
Microsoft Visual Studio Solution File, Format Version 12.00
# Visual Studio Version 16
VisualStudioVersion = 16.0.31321.278
MinimumVisualStudioVersion = 10.0.40219.1
Project("{9A19103F-16F7-4668-BE54-9A1E7A4F7556}") = "ThePump", "ThePump\ThePump.csproj", "{45AE5D40-DBBF-474F-B7D4-B89734891997}"
EndProject
Project("{2150E333-8FDC-42A3-9474-1A3956D46DE8}") = "Solution Items", "Solution Items", "{32A90A4D-3474-4481-A6CB-0AD894624BDF}"
	ProjectSection(SolutionItems) = preProject
		README.md = README.md
	EndProjectSection
EndProject
Global
	GlobalSection(SolutionConfigurationPlatforms) = preSolution
		Debug|Any CPU = Debug|Any CPU
		Release|Any CPU = Release|Any CPU
	EndGlobalSection
	GlobalSection(ProjectConfigurationPlatforms) = postSolution
		{45AE5D40-DBBF-474F-B7D4-B89734891997}.Debug|Any CPU.ActiveCfg = Debug|Any CPU
		{45AE5D40-DBBF-474F-B7D4-B89734891997}.Debug|Any CPU.Build.0 = Debug|Any CPU
		{45AE5D40-DBBF-474F-B7D4-B89734891997}.Release|Any CPU.ActiveCfg = Release|Any CPU
		{45AE5D40-DBBF-474F-B7D4-B89734891997}.Release|Any CPU.Build.0 = Release|Any CPU
	EndGlobalSection
	GlobalSection(SolutionProperties) = preSolution
		HideSolutionNode = FALSE
	EndGlobalSection
	GlobalSection(ExtensibilityGlobals) = postSolution
		SolutionGuid = {F443385B-0687-447E-AE6B-7710BE90558D}
	EndGlobalSection
EndGlobal
